
Microsoft Visual Studio Solution File, Format Version 12.00
# Visual Studio 15
VisualStudioVersion = 15.0.26228.4
MinimumVisualStudioVersion = 10.0.40219.1
Project("{8BC9CEB8-8B4A-11D0-8D11-00A0C91BC942}") = "Calculator", "Calculator\Calculator.vcxproj", "{F4A5454B-B42E-4445-B258-C445489C8018}"
EndProject
Global
	GlobalSection(SolutionConfigurationPlatforms) = preSolution
		Coverage|x64 = Coverage|x64
		Coverage|x86 = Coverage|x86
		Debug|x64 = Debug|x64
		Debug|x86 = Debug|x86
		Release|x64 = Release|x64
		Release|x86 = Release|x86
	EndGlobalSection
	GlobalSection(ProjectConfigurationPlatforms) = postSolution
		{F4A5454B-B42E-4445-B258-C445489C8018}.Coverage|x64.ActiveCfg = Coverage|x64
		{F4A5454B-B42E-4445-B258-C445489C8018}.Coverage|x64.Build.0 = Coverage|x64
		{F4A5454B-B42E-4445-B258-C445489C8018}.Coverage|x86.ActiveCfg = Coverage|Win32
		{F4A5454B-B42E-4445-B258-C445489C8018}.Coverage|x86.Build.0 = Coverage|Win32
		{F4A5454B-B42E-4445-B258-C445489C8018}.Debug|x64.ActiveCfg = Debug|x64
		{F4A5454B-B42E-4445-B258-C445489C8018}.Debug|x64.Build.0 = Debug|x64
		{F4A5454B-B42E-4445-B258-C445489C8018}.Debug|x86.ActiveCfg = Debug|Win32
		{F4A5454B-B42E-4445-B258-C445489C8018}.Debug|x86.Build.0 = Debug|Win32
		{F4A5454B-B42E-4445-B258-C445489C8018}.Release|x64.ActiveCfg = Release|x64
		{F4A5454B-B42E-4445-B258-C445489C8018}.Release|x64.Build.0 = Release|x64
		{F4A5454B-B42E-4445-B258-C445489C8018}.Release|x86.ActiveCfg = Release|Win32
		{F4A5454B-B42E-4445-B258-C445489C8018}.Release|x86.Build.0 = Release|Win32
	EndGlobalSection
	GlobalSection(SolutionProperties) = preSolution
		HideSolutionNode = FALSE
	EndGlobalSection
EndGlobal
